
Microsoft Visual Studio Solution File, Format Version 12.00
# Visual Studio Version 17
VisualStudioVersion = 17.0.32014.148
MinimumVisualStudioVersion = 10.0.40219.1
Project("{FAE04EC0-301F-11D3-BF4B-00C04F79EFBC}") = "CbasHomeTask5", "CbasHomeTask5\CbasHomeTask5.csproj", "{C2C8027C-E47E-41BB-9E58-9DD169F6864B}"
EndProject
Project("{FAE04EC0-301F-11D3-BF4B-00C04F79EFBC}") = "CbasHome3Task4", "CbasHome3Task4\CbasHome3Task4.csproj", "{0A5FCD91-B993-4512-9412-0E4C797EB672}"
EndProject
Project("{FAE04EC0-301F-11D3-BF4B-00C04F79EFBC}") = "CbasHome4Task4", "CbasHome4Task4\CbasHome4Task4.csproj", "{9F140518-6FC1-4AFD-AA1A-97E90E11623C}"
EndProject
Project("{FAE04EC0-301F-11D3-BF4B-00C04F79EFBC}") = "CbasHome5Task4", "CbasHome5Task4\CbasHome5Task4.csproj", "{14175EDE-990E-4D23-9AC8-4C74E91BC865}"
EndProject
Project("{FAE04EC0-301F-11D3-BF4B-00C04F79EFBC}") = "CbasHome6Task4", "CbasHome6Task4\CbasHome6Task4.csproj", "{95AC41DA-B942-4CFB-A94A-9F90EE0632D4}"
EndProject
Global
	GlobalSection(SolutionConfigurationPlatforms) = preSolution
		Debug|Any CPU = Debug|Any CPU
		Release|Any CPU = Release|Any CPU
	EndGlobalSection
	GlobalSection(ProjectConfigurationPlatforms) = postSolution
		{C2C8027C-E47E-41BB-9E58-9DD169F6864B}.Debug|Any CPU.ActiveCfg = Debug|Any CPU
		{C2C8027C-E47E-41BB-9E58-9DD169F6864B}.Debug|Any CPU.Build.0 = Debug|Any CPU
		{C2C8027C-E47E-41BB-9E58-9DD169F6864B}.Release|Any CPU.ActiveCfg = Release|Any CPU
		{C2C8027C-E47E-41BB-9E58-9DD169F6864B}.Release|Any CPU.Build.0 = Release|Any CPU
		{0A5FCD91-B993-4512-9412-0E4C797EB672}.Debug|Any CPU.ActiveCfg = Debug|Any CPU
		{0A5FCD91-B993-4512-9412-0E4C797EB672}.Debug|Any CPU.Build.0 = Debug|Any CPU
		{0A5FCD91-B993-4512-9412-0E4C797EB672}.Release|Any CPU.ActiveCfg = Release|Any CPU
		{0A5FCD91-B993-4512-9412-0E4C797EB672}.Release|Any CPU.Build.0 = Release|Any CPU
		{9F140518-6FC1-4AFD-AA1A-97E90E11623C}.Debug|Any CPU.ActiveCfg = Debug|Any CPU
		{9F140518-6FC1-4AFD-AA1A-97E90E11623C}.Debug|Any CPU.Build.0 = Debug|Any CPU
		{9F140518-6FC1-4AFD-AA1A-97E90E11623C}.Release|Any CPU.ActiveCfg = Release|Any CPU
		{9F140518-6FC1-4AFD-AA1A-97E90E11623C}.Release|Any CPU.Build.0 = Release|Any CPU
		{14175EDE-990E-4D23-9AC8-4C74E91BC865}.Debug|Any CPU.ActiveCfg = Debug|Any CPU
		{14175EDE-990E-4D23-9AC8-4C74E91BC865}.Debug|Any CPU.Build.0 = Debug|Any CPU
		{14175EDE-990E-4D23-9AC8-4C74E91BC865}.Release|Any CPU.ActiveCfg = Release|Any CPU
		{14175EDE-990E-4D23-9AC8-4C74E91BC865}.Release|Any CPU.Build.0 = Release|Any CPU
		{95AC41DA-B942-4CFB-A94A-9F90EE0632D4}.Debug|Any CPU.ActiveCfg = Debug|Any CPU
		{95AC41DA-B942-4CFB-A94A-9F90EE0632D4}.Debug|Any CPU.Build.0 = Debug|Any CPU
		{95AC41DA-B942-4CFB-A94A-9F90EE0632D4}.Release|Any CPU.ActiveCfg = Release|Any CPU
		{95AC41DA-B942-4CFB-A94A-9F90EE0632D4}.Release|Any CPU.Build.0 = Release|Any CPU
	EndGlobalSection
	GlobalSection(SolutionProperties) = preSolution
		HideSolutionNode = FALSE
	EndGlobalSection
	GlobalSection(ExtensibilityGlobals) = postSolution
		SolutionGuid = {73C62E0A-0364-4CD9-AD00-114D419B8830}
	EndGlobalSection
EndGlobal
